
Microsoft Visual Studio Solution File, Format Version 12.00
# Visual Studio Version 16
VisualStudioVersion = 16.0.29911.84
MinimumVisualStudioVersion = 10.0.40219.1
Project("{FAE04EC0-301F-11D3-BF4B-00C04F79EFBC}") = "Scanf", "Scanf\Scanf\Scanf.csproj", "{83F62A87-C82C-4D81-B4E5-6790EB6EDEC1}"
EndProject
Project("{FAE04EC0-301F-11D3-BF4B-00C04F79EFBC}") = "Scanf.Test", "Scanf\Scanf.Test\Scanf.Test.csproj", "{34AA38B3-A936-44E1-81A8-E9F00F28867B}"
EndProject
Project("{FAE04EC0-301F-11D3-BF4B-00C04F79EFBC}") = "Scanf.Vsix", "Scanf\Scanf.Vsix\Scanf.Vsix.csproj", "{50A51E0D-18C8-4DD5-B827-C891B6E7AF4C}"
EndProject
Global
	GlobalSection(SolutionConfigurationPlatforms) = preSolution
		Debug|Any CPU = Debug|Any CPU
		Release|Any CPU = Release|Any CPU
	EndGlobalSection
	GlobalSection(ProjectConfigurationPlatforms) = postSolution
		{83F62A87-C82C-4D81-B4E5-6790EB6EDEC1}.Debug|Any CPU.ActiveCfg = Debug|Any CPU
		{83F62A87-C82C-4D81-B4E5-6790EB6EDEC1}.Debug|Any CPU.Build.0 = Debug|Any CPU
		{83F62A87-C82C-4D81-B4E5-6790EB6EDEC1}.Release|Any CPU.ActiveCfg = Release|Any CPU
		{83F62A87-C82C-4D81-B4E5-6790EB6EDEC1}.Release|Any CPU.Build.0 = Release|Any CPU
		{34AA38B3-A936-44E1-81A8-E9F00F28867B}.Debug|Any CPU.ActiveCfg = Debug|Any CPU
		{34AA38B3-A936-44E1-81A8-E9F00F28867B}.Debug|Any CPU.Build.0 = Debug|Any CPU
		{34AA38B3-A936-44E1-81A8-E9F00F28867B}.Release|Any CPU.ActiveCfg = Release|Any CPU
		{34AA38B3-A936-44E1-81A8-E9F00F28867B}.Release|Any CPU.Build.0 = Release|Any CPU
		{50A51E0D-18C8-4DD5-B827-C891B6E7AF4C}.Debug|Any CPU.ActiveCfg = Debug|Any CPU
		{50A51E0D-18C8-4DD5-B827-C891B6E7AF4C}.Debug|Any CPU.Build.0 = Debug|Any CPU
		{50A51E0D-18C8-4DD5-B827-C891B6E7AF4C}.Release|Any CPU.ActiveCfg = Release|Any CPU
		{50A51E0D-18C8-4DD5-B827-C891B6E7AF4C}.Release|Any CPU.Build.0 = Release|Any CPU
	EndGlobalSection
	GlobalSection(SolutionProperties) = preSolution
		HideSolutionNode = FALSE
	EndGlobalSection
	GlobalSection(ExtensibilityGlobals) = postSolution
		SolutionGuid = {663FF711-5AAB-4BB6-B32F-B0FA40EF1F49}
	EndGlobalSection
EndGlobal
